// !$*UTF8*$!
{
	archiveVersion = 1;
	classes = {
	};
	objectVersion = 77;
	objects = {

/* Begin PBXContainerItemProxy section */
		0BBB9BFF2D892F33001816E4 /* PBXContainerItemProxy */ = {
			isa = PBXContainerItemProxy;
			containerPortal = 0BBB9BDF2D892F32001816E4 /* Project object */;
			proxyType = 1;
			remoteGlobalIDString = 0BBB9BE62D892F32001816E4;
			remoteInfo = FitMunityDev;
		};
		0BBB9C092D892F33001816E4 /* PBXContainerItemProxy */ = {
			isa = PBXContainerItemProxy;
			containerPortal = 0BBB9BDF2D892F32001816E4 /* Project object */;
			proxyType = 1;
			remoteGlobalIDString = 0BBB9BE62D892F32001816E4;
			remoteInfo = FitMunityDev;
		};
/* End PBXContainerItemProxy section */

/* Begin PBXFileReference section */
		0BBB9BE72D892F32001816E4 /* FitMunityDev.app */ = {isa = PBXFileReference; explicitFileType = wrapper.application; includeInIndex = 0; path = FitMunityDev.app; sourceTree = BUILT_PRODUCTS_DIR; };
		0BBB9BFE2D892F33001816E4 /* FitMunityDevTests.xctest */ = {isa = PBXFileReference; explicitFileType = wrapper.cfbundle; includeInIndex = 0; path = FitMunityDevTests.xctest; sourceTree = BUILT_PRODUCTS_DIR; };
		0BBB9C082D892F33001816E4 /* FitMunityDevUITests.xctest */ = {isa = PBXFileReference; explicitFileType = wrapper.cfbundle; includeInIndex = 0; path = FitMunityDevUITests.xctest; sourceTree = BUILT_PRODUCTS_DIR; };
/* End PBXFileReference section */

/* Begin PBXFileSystemSynchronizedBuildFileExceptionSet section */
		0BBB9C102D892F33001816E4 /* Exceptions for "FitMunityDev" folder in "FitMunityDev" target */ = {
			isa = PBXFileSystemSynchronizedBuildFileExceptionSet;
			membershipExceptions = (
				Info.plist,
			);
			target = 0BBB9BE62D892F32001816E4 /* FitMunityDev */;
		};
/* End PBXFileSystemSynchronizedBuildFileExceptionSet section */

/* Begin PBXFileSystemSynchronizedRootGroup section */
		0BBB9BE92D892F32001816E4 /* FitMunityDev */ = {
			isa = PBXFileSystemSynchronizedRootGroup;
			exceptions = (
				0BBB9C102D892F33001816E4 /* Exceptions for "FitMunityDev" folder in "FitMunityDev" target */,
			);
			path = FitMunityDev;
			sourceTree = "<group>";
		};
		0BBB9C012D892F33001816E4 /* FitMunityDevTests */ = {
			isa = PBXFileSystemSynchronizedRootGroup;
			path = FitMunityDevTests;
			sourceTree = "<group>";
		};
		0BBB9C0B2D892F33001816E4 /* FitMunityDevUITests */ = {
			isa = PBXFileSystemSynchronizedRootGroup;
			path = FitMunityDevUITests;
			sourceTree = "<group>";
		};
/* End PBXFileSystemSynchronizedRootGroup section */

/* Begin PBXFrameworksBuildPhase section */
		0BBB9BE42D892F32001816E4 /* Frameworks */ = {
			isa = PBXFrameworksBuildPhase;
			buildActionMask = 2147483647;
			files = (
			);
			runOnlyForDeploymentPostprocessing = 0;
		};
		0BBB9BFB2D892F33001816E4 /* Frameworks */ = {
			isa = PBXFrameworksBuildPhase;
			buildActionMask = 2147483647;
			files = (
			);
			runOnlyForDeploymentPostprocessing = 0;
		};
		0BBB9C052D892F33001816E4 /* Frameworks */ = {
			isa = PBXFrameworksBuildPhase;
			buildActionMask = 2147483647;
			files = (
			);
			runOnlyForDeploymentPostprocessing = 0;
		};
/* End PBXFrameworksBuildPhase section */

/* Begin PBXGroup section */
		0BBB9BDE2D892F31001816E4 = {
			isa = PBXGroup;
			children = (
				0BBB9BE92D892F32001816E4 /* FitMunityDev */,
				0BBB9C012D892F33001816E4 /* FitMunityDevTests */,
				0BBB9C0B2D892F33001816E4 /* FitMunityDevUITests */,
				0BBB9BE82D892F32001816E4 /* Products */,
			);
			sourceTree = "<group>";
		};
		0BBB9BE82D892F32001816E4 /* Products */ = {
			isa = PBXGroup;
			children = (
				0BBB9BE72D892F32001816E4 /* FitMunityDev.app */,
				0BBB9BFE2D892F33001816E4 /* FitMunityDevTests.xctest */,
				0BBB9C082D892F33001816E4 /* FitMunityDevUITests.xctest */,
			);
			name = Products;
			sourceTree = "<group>";
		};
/* End PBXGroup section */

/* Begin PBXNativeTarget section */
		0BBB9BE62D892F32001816E4 /* FitMunityDev */ = {
			isa = PBXNativeTarget;
			buildConfigurationList = 0BBB9C112D892F33001816E4 /* Build configuration list for PBXNativeTarget "FitMunityDev" */;
			buildPhases = (
				0BBB9BE32D892F32001816E4 /* Sources */,
				0BBB9BE42D892F32001816E4 /* Frameworks */,
				0BBB9BE52D892F32001816E4 /* Resources */,
			);
			buildRules = (
			);
			dependencies = (
			);
			fileSystemSynchronizedGroups = (
				0BBB9BE92D892F32001816E4 /* FitMunityDev */,
			);
			name = FitMunityDev;
			packageProductDependencies = (
			);
			productName = FitMunityDev;
			productReference = 0BBB9BE72D892F32001816E4 /* FitMunityDev.app */;
			productType = "com.apple.product-type.application";
		};
		0BBB9BFD2D892F33001816E4 /* FitMunityDevTests */ = {
			isa = PBXNativeTarget;
			buildConfigurationList = 0BBB9C162D892F33001816E4 /* Build configuration list for PBXNativeTarget "FitMunityDevTests" */;
			buildPhases = (
				0BBB9BFA2D892F33001816E4 /* Sources */,
				0BBB9BFB2D892F33001816E4 /* Frameworks */,
				0BBB9BFC2D892F33001816E4 /* Resources */,
			);
			buildRules = (
			);
			dependencies = (
				0BBB9C002D892F33001816E4 /* PBXTargetDependency */,
			);
			fileSystemSynchronizedGroups = (
				0BBB9C012D892F33001816E4 /* FitMunityDevTests */,
			);
			name = FitMunityDevTests;
			packageProductDependencies = (
			);
			productName = FitMunityDevTests;
			productReference = 0BBB9BFE2D892F33001816E4 /* FitMunityDevTests.xctest */;
			productType = "com.apple.product-type.bundle.unit-test";
		};
		0BBB9C072D892F33001816E4 /* FitMunityDevUITests */ = {
			isa = PBXNativeTarget;
			buildConfigurationList = 0BBB9C192D892F33001816E4 /* Build configuration list for PBXNativeTarget "FitMunityDevUITests" */;
			buildPhases = (
				0BBB9C042D892F33001816E4 /* Sources */,
				0BBB9C052D892F33001816E4 /* Frameworks */,
				0BBB9C062D892F33001816E4 /* Resources */,
			);
			buildRules = (
			);
			dependencies = (
				0BBB9C0A2D892F33001816E4 /* PBXTargetDependency */,
			);
			fileSystemSynchronizedGroups = (
				0BBB9C0B2D892F33001816E4 /* FitMunityDevUITests */,
			);
			name = FitMunityDevUITests;
			packageProductDependencies = (
			);
			productName = FitMunityDevUITests;
			productReference = 0BBB9C082D892F33001816E4 /* FitMunityDevUITests.xctest */;
			productType = "com.apple.product-type.bundle.ui-testing";
		};
/* End PBXNativeTarget section */

/* Begin PBXProject section */
		0BBB9BDF2D892F32001816E4 /* Project object */ = {
			isa = PBXProject;
			attributes = {
				BuildIndependentTargetsInParallel = 1;
				LastSwiftUpdateCheck = 1620;
				LastUpgradeCheck = 1620;
				TargetAttributes = {
					0BBB9BE62D892F32001816E4 = {
						CreatedOnToolsVersion = 16.2;
						LastSwiftMigration = 1620;
					};
					0BBB9BFD2D892F33001816E4 = {
						CreatedOnToolsVersion = 16.2;
						TestTargetID = 0BBB9BE62D892F32001816E4;
					};
					0BBB9C072D892F33001816E4 = {
						CreatedOnToolsVersion = 16.2;
						TestTargetID = 0BBB9BE62D892F32001816E4;
					};
				};
			};
			buildConfigurationList = 0BBB9BE22D892F32001816E4 /* Build configuration list for PBXProject "FitMunityDev" */;
			developmentRegion = en;
			hasScannedForEncodings = 0;
			knownRegions = (
				en,
				Base,
			);
			mainGroup = 0BBB9BDE2D892F31001816E4;
			minimizedProjectReferenceProxies = 1;
			preferredProjectObjectVersion = 77;
			productRefGroup = 0BBB9BE82D892F32001816E4 /* Products */;
			projectDirPath = "";
			projectRoot = "";
			targets = (
				0BBB9BE62D892F32001816E4 /* FitMunityDev */,
				0BBB9BFD2D892F33001816E4 /* FitMunityDevTests */,
				0BBB9C072D892F33001816E4 /* FitMunityDevUITests */,
			);
		};
/* End PBXProject section */

/* Begin PBXResourcesBuildPhase section */
		0BBB9BE52D892F32001816E4 /* Resources */ = {
			isa = PBXResourcesBuildPhase;
			buildActionMask = 2147483647;
			files = (
			);
			runOnlyForDeploymentPostprocessing = 0;
		};
		0BBB9BFC2D892F33001816E4 /* Resources */ = {
			isa = PBXResourcesBuildPhase;
			buildActionMask = 2147483647;
			files = (
			);
			runOnlyForDeploymentPostprocessing = 0;
		};
		0BBB9C062D892F33001816E4 /* Resources */ = {
			isa = PBXResourcesBuildPhase;
			buildActionMask = 2147483647;
			files = (
			);
			runOnlyForDeploymentPostprocessing = 0;
		};
/* End PBXResourcesBuildPhase section */

/* Begin PBXSourcesBuildPhase section */
		0BBB9BE32D892F32001816E4 /* Sources */ = {
			isa = PBXSourcesBuildPhase;
			buildActionMask = 2147483647;
			files = (
			);
			runOnlyForDeploymentPostprocessing = 0;
		};
		0BBB9BFA2D892F33001816E4 /* Sources */ = {
			isa = PBXSourcesBuildPhase;
			buildActionMask = 2147483647;
			files = (
			);
			runOnlyForDeploymentPostprocessing = 0;
		};
		0BBB9C042D892F33001816E4 /* Sources */ = {
			isa = PBXSourcesBuildPhase;
			buildActionMask = 2147483647;
			files = (
			);
			runOnlyForDeploymentPostprocessing = 0;
		};
/* End PBXSourcesBuildPhase section */

/* Begin PBXTargetDependency section */
		0BBB9C002D892F33001816E4 /* PBXTargetDependency */ = {
			isa = PBXTargetDependency;
			target = 0BBB9BE62D892F32001816E4 /* FitMunityDev */;
			targetProxy = 0BBB9BFF2D892F33001816E4 /* PBXContainerItemProxy */;
		};
		0BBB9C0A2D892F33001816E4 /* PBXTargetDependency */ = {
			isa = PBXTargetDependency;
			target = 0BBB9BE62D892F32001816E4 /* FitMunityDev */;
			targetProxy = 0BBB9C092D892F33001816E4 /* PBXContainerItemProxy */;
		};
/* End PBXTargetDependency section */

/* Begin XCBuildConfiguration section */
		0BBB9C122D892F33001816E4 /* Debug */ = {
			isa = XCBuildConfiguration;
			buildSettings = {
				ASSETCATALOG_COMPILER_APPICON_NAME = AppIcon;
				ASSETCATALOG_COMPILER_GLOBAL_ACCENT_COLOR_NAME = AccentColor;
				CLANG_ENABLE_MODULES = YES;
				CODE_SIGN_ENTITLEMENTS = FitMunityDev/FitMunityDev.entitlements;
				CODE_SIGN_STYLE = Automatic;
				CURRENT_PROJECT_VERSION = 1;
				DEVELOPMENT_ASSET_PATHS = "\"FitMunityDev/Preview Content\"";
				ENABLE_PREVIEWS = YES;
				GENERATE_INFOPLIST_FILE = YES;
				INFOPLIST_FILE = FitMunityDev/Info.plist;
				INFOPLIST_KEY_UIApplicationSceneManifest_Generation = YES;
				INFOPLIST_KEY_UIApplicationSupportsIndirectInputEvents = YES;
				INFOPLIST_KEY_UILaunchScreen_Generation = YES;
				INFOPLIST_KEY_UISupportedInterfaceOrientations_iPad = "UIInterfaceOrientationPortrait UIInterfaceOrientationPortraitUpsideDown UIInterfaceOrientationLandscapeLeft UIInterfaceOrientationLandscapeRight";
				INFOPLIST_KEY_UISupportedInterfaceOrientations_iPhone = "UIInterfaceOrientationPortrait UIInterfaceOrientationLandscapeLeft UIInterfaceOrientationLandscapeRight";
				LD_RUNPATH_SEARCH_PATHS = (
					"$(inherited)",
					"@executable_path/Frameworks",
				);
				MARKETING_VERSION = 1.0;
				PRODUCT_BUNDLE_IDENTIFIER = com.FitMunity.FitMunityDev.FitMunityDev;
				PRODUCT_NAME = "$(TARGET_NAME)";
				SWIFT_EMIT_LOC_STRINGS = YES;
				SWIFT_OBJC_BRIDGING_HEADER = "FitMunityDev/FitMunityDev-Bridging-Header.h";
				SWIFT_OPTIMIZATION_LEVEL = "-Onone";
				SWIFT_VERSION = 5.0;
				TARGETED_DEVICE_FAMILY = "1,2";
			};
			name = Debug;
		};
		0BBB9C132D892F33001816E4 /* Release */ = {
			isa = XCBuildConfiguration;
			buildSettings = {
				ASSETCATALOG_COMPILER_APPICON_NAME = AppIcon;
				ASSETCATALOG_COMPILER_GLOBAL_ACCENT_COLOR_NAME = AccentColor;
				CLANG_ENABLE_MODULES = YES;
				CODE_SIGN_ENTITLEMENTS = FitMunityDev/FitMunityDev.entitlements;
				CODE_SIGN_STYLE = Automatic;
				CURRENT_PROJECT_VERSION = 1;
				DEVELOPMENT_ASSET_PATHS = "\"FitMunityDev/Preview Content\"";
				ENABLE_PREVIEWS = YES;
				GENERATE_INFOPLIST_FILE = YES;
				INFOPLIST_FILE = FitMunityDev/Info.plist;
				INFOPLIST_KEY_UIApplicationSceneManifest_Generation = YES;
				INFOPLIST_KEY_UIApplicationSupportsIndirectInputEvents = YES;
				INFOPLIST_KEY_UILaunchScreen_Generation = YES;
				INFOPLIST_KEY_UISupportedInterfaceOrientations_iPad = "UIInterfaceOrientationPortrait UIInterfaceOrientationPortraitUpsideDown UIInterfaceOrientationLandscapeLeft UIInterfaceOrientationLandscapeRight";
				INFOPLIST_KEY_UISupportedInterfaceOrientations_iPhone = "UIInterfaceOrientationPortrait UIInterfaceOrientationLandscapeLeft UIInterfaceOrientationLandscapeRight";
				LD_RUNPATH_SEARCH_PATHS = (
					"$(inherited)",
					"@executable_path/Frameworks",
				);
				MARKETING_VERSION = 1.0;
				PRODUCT_BUNDLE_IDENTIFIER = com.FitMunity.FitMunityDev.FitMunityDev;
				PRODUCT_NAME = "$(TARGET_NAME)";
				SWIFT_EMIT_LOC_STRINGS = YES;
				SWIFT_OBJC_BRIDGING_HEADER = "FitMunityDev/FitMunityDev-Bridging-Header.h";
				SWIFT_VERSION = 5.0;
				TARGETED_DEVICE_FAMILY = "1,2";
			};
			name = Release;
		};
		0BBB9C142D892F33001816E4 /* Debug */ = {
			isa = XCBuildConfiguration;
			buildSettings = {
				ALWAYS_SEARCH_USER_PATHS = NO;
				ASSETCATALOG_COMPILER_GENERATE_SWIFT_ASSET_SYMBOL_EXTENSIONS = YES;
				CLANG_ANALYZER_NONNULL = YES;
				CLANG_ANALYZER_NUMBER_OBJECT_CONVERSION = YES_AGGRESSIVE;
				CLANG_CXX_LANGUAGE_STANDARD = "gnu++20";
				CLANG_ENABLE_MODULES = YES;
				CLANG_ENABLE_OBJC_ARC = YES;
				CLANG_ENABLE_OBJC_WEAK = YES;
				CLANG_WARN_BLOCK_CAPTURE_AUTORELEASING = YES;
				CLANG_WARN_BOOL_CONVERSION = YES;
				CLANG_WARN_COMMA = YES;
				CLANG_WARN_CONSTANT_CONVERSION = YES;
				CLANG_WARN_DEPRECATED_OBJC_IMPLEMENTATIONS = YES;
				CLANG_WARN_DIRECT_OBJC_ISA_USAGE = YES_ERROR;
				CLANG_WARN_DOCUMENTATION_COMMENTS = YES;
				CLANG_WARN_EMPTY_BODY = YES;
				CLANG_WARN_ENUM_CONVERSION = YES;
				CLANG_WARN_INFINITE_RECURSION = YES;
				CLANG_WARN_INT_CONVERSION = YES;
				CLANG_WARN_NON_LITERAL_NULL_CONVERSION = YES;
				CLANG_WARN_OBJC_IMPLICIT_RETAIN_SELF = YES;
				CLANG_WARN_OBJC_LITERAL_CONVERSION = YES;
				CLANG_WARN_OBJC_ROOT_CLASS = YES_ERROR;
				CLANG_WARN_QUOTED_INCLUDE_IN_FRAMEWORK_HEADER = YES;
				CLANG_WARN_RANGE_LOOP_ANALYSIS = YES;
				CLANG_WARN_STRICT_PROTOTYPES = YES;
				CLANG_WARN_SUSPICIOUS_MOVE = YES;
				CLANG_WARN_UNGUARDED_AVAILABILITY = YES_AGGRESSIVE;
				CLANG_WARN_UNREACHABLE_CODE = YES;
				CLANG_WARN__DUPLICATE_METHOD_MATCH = YES;
				COPY_PHASE_STRIP = NO;
				DEBUG_INFORMATION_FORMAT = dwarf;
				ENABLE_STRICT_OBJC_MSGSEND = YES;
				ENABLE_TESTABILITY = YES;
				ENABLE_USER_SCRIPT_SANDBOXING = YES;
				GCC_C_LANGUAGE_STANDARD = gnu17;
				GCC_DYNAMIC_NO_PIC = NO;
				GCC_NO_COMMON_BLOCKS = YES;
				GCC_OPTIMIZATION_LEVEL = 0;
				GCC_PREPROCESSOR_DEFINITIONS = (
					"DEBUG=1",
					"$(inherited)",
				);
				GCC_WARN_64_TO_32_BIT_CONVERSION = YES;
				GCC_WARN_ABOUT_RETURN_TYPE = YES_ERROR;
				GCC_WARN_UNDECLARED_SELECTOR = YES;
				GCC_WARN_UNINITIALIZED_AUTOS = YES_AGGRESSIVE;
				GCC_WARN_UNUSED_FUNCTION = YES;
				GCC_WARN_UNUSED_VARIABLE = YES;
				IPHONEOS_DEPLOYMENT_TARGET = 18.2;
				LOCALIZATION_PREFERS_STRING_CATALOGS = YES;
				MTL_ENABLE_DEBUG_INFO = INCLUDE_SOURCE;
				MTL_FAST_MATH = YES;
				ONLY_ACTIVE_ARCH = YES;
				SDKROOT = iphoneos;
				SWIFT_ACTIVE_COMPILATION_CONDITIONS = "DEBUG $(inherited)";
				SWIFT_OPTIMIZATION_LEVEL = "-Onone";
			};
			name = Debug;
		};
		0BBB9C152D892F33001816E4 /* Release */ = {
			isa = XCBuildConfiguration;
			buildSettings = {
				ALWAYS_SEARCH_USER_PATHS = NO;
				ASSETCATALOG_COMPILER_GENERATE_SWIFT_ASSET_SYMBOL_EXTENSIONS = YES;
				CLANG_ANALYZER_NONNULL = YES;
				CLANG_ANALYZER_NUMBER_OBJECT_CONVERSION = YES_AGGRESSIVE;
				CLANG_CXX_LANGUAGE_STANDARD = "gnu++20";
				CLANG_ENABLE_MODULES = YES;
				CLANG_ENABLE_OBJC_ARC = YES;
				CLANG_ENABLE_OBJC_WEAK = YES;
				CLANG_WARN_BLOCK_CAPTURE_AUTORELEASING = YES;
				CLANG_WARN_BOOL_CONVERSION = YES;
				CLANG_WARN_COMMA = YES;
				CLANG_WARN_CONSTANT_CONVERSION = YES;
				CLANG_WARN_DEPRECATED_OBJC_IMPLEMENTATIONS = YES;
				CLANG_WARN_DIRECT_OBJC_ISA_USAGE = YES_ERROR;
				CLANG_WARN_DOCUMENTATION_COMMENTS = YES;
				CLANG_WARN_EMPTY_BODY = YES;
				CLANG_WARN_ENUM_CONVERSION = YES;
				CLANG_WARN_INFINITE_RECURSION = YES;
				CLANG_WARN_INT_CONVERSION = YES;
				CLANG_WARN_NON_LITERAL_NULL_CONVERSION = YES;
				CLANG_WARN_OBJC_IMPLICIT_RETAIN_SELF = YES;
				CLANG_WARN_OBJC_LITERAL_CONVERSION = YES;
				CLANG_WARN_OBJC_ROOT_CLASS = YES_ERROR;
				CLANG_WARN_QUOTED_INCLUDE_IN_FRAMEWORK_HEADER = YES;
				CLANG_WARN_RANGE_LOOP_ANALYSIS = YES;
				CLANG_WARN_STRICT_PROTOTYPES = YES;
				CLANG_WARN_SUSPICIOUS_MOVE = YES;
				CLANG_WARN_UNGUARDED_AVAILABILITY = YES_AGGRESSIVE;
				CLANG_WARN_UNREACHABLE_CODE = YES;
				CLANG_WARN__DUPLICATE_METHOD_MATCH = YES;
				COPY_PHASE_STRIP = NO;
				DEBUG_INFORMATION_FORMAT = "dwarf-with-dsym";
				ENABLE_NS_ASSERTIONS = NO;
				ENABLE_STRICT_OBJC_MSGSEND = YES;
				ENABLE_USER_SCRIPT_SANDBOXING = YES;
				GCC_C_LANGUAGE_STANDARD = gnu17;
				GCC_NO_COMMON_BLOCKS = YES;
				GCC_WARN_64_TO_32_BIT_CONVERSION = YES;
				GCC_WARN_ABOUT_RETURN_TYPE = YES_ERROR;
				GCC_WARN_UNDECLARED_SELECTOR = YES;
				GCC_WARN_UNINITIALIZED_AUTOS = YES_AGGRESSIVE;
				GCC_WARN_UNUSED_FUNCTION = YES;
				GCC_WARN_UNUSED_VARIABLE = YES;
				IPHONEOS_DEPLOYMENT_TARGET = 18.2;
				LOCALIZATION_PREFERS_STRING_CATALOGS = YES;
				MTL_ENABLE_DEBUG_INFO = NO;
				MTL_FAST_MATH = YES;
				SDKROOT = iphoneos;
				SWIFT_COMPILATION_MODE = wholemodule;
				VALIDATE_PRODUCT = YES;
			};
			name = Release;
		};
		0BBB9C172D892F33001816E4 /* Debug */ = {
			isa = XCBuildConfiguration;
			buildSettings = {
				BUNDLE_LOADER = "$(TEST_HOST)";
				CODE_SIGN_STYLE = Automatic;
				CURRENT_PROJECT_VERSION = 1;
				GENERATE_INFOPLIST_FILE = YES;
				IPHONEOS_DEPLOYMENT_TARGET = 18.2;
				MARKETING_VERSION = 1.0;
				PRODUCT_BUNDLE_IDENTIFIER = com.FitMunity.FitMunityDev.FitMunityDevTests;
				PRODUCT_NAME = "$(TARGET_NAME)";
				SWIFT_EMIT_LOC_STRINGS = NO;
				SWIFT_VERSION = 5.0;
				TARGETED_DEVICE_FAMILY = "1,2";
				TEST_HOST = "$(BUILT_PRODUCTS_DIR)/FitMunityDev.app/$(BUNDLE_EXECUTABLE_FOLDER_PATH)/FitMunityDev";
			};
			name = Debug;
		};
		0BBB9C182D892F33001816E4 /* Release */ = {
			isa = XCBuildConfiguration;
			buildSettings = {
				BUNDLE_LOADER = "$(TEST_HOST)";
				CODE_SIGN_STYLE = Automatic;
				CURRENT_PROJECT_VERSION = 1;
				GENERATE_INFOPLIST_FILE = YES;
				IPHONEOS_DEPLOYMENT_TARGET = 18.2;
				MARKETING_VERSION = 1.0;
				PRODUCT_BUNDLE_IDENTIFIER = com.FitMunity.FitMunityDev.FitMunityDevTests;
				PRODUCT_NAME = "$(TARGET_NAME)";
				SWIFT_EMIT_LOC_STRINGS = NO;
				SWIFT_VERSION = 5.0;
				TARGETED_DEVICE_FAMILY = "1,2";
				TEST_HOST = "$(BUILT_PRODUCTS_DIR)/FitMunityDev.app/$(BUNDLE_EXECUTABLE_FOLDER_PATH)/FitMunityDev";
			};
			name = Release;
		};
		0BBB9C1A2D892F33001816E4 /* Debug */ = {
			isa = XCBuildConfiguration;
			buildSettings = {
				CODE_SIGN_STYLE = Automatic;
				CURRENT_PROJECT_VERSION = 1;
				GENERATE_INFOPLIST_FILE = YES;
				MARKETING_VERSION = 1.0;
				PRODUCT_BUNDLE_IDENTIFIER = com.FitMunity.FitMunityDev.FitMunityDevUITests;
				PRODUCT_NAME = "$(TARGET_NAME)";
				SWIFT_EMIT_LOC_STRINGS = NO;
				SWIFT_VERSION = 5.0;
				TARGETED_DEVICE_FAMILY = "1,2";
				TEST_TARGET_NAME = FitMunityDev;
			};
			name = Debug;
		};
		0BBB9C1B2D892F33001816E4 /* Release */ = {
			isa = XCBuildConfiguration;
			buildSettings = {
				CODE_SIGN_STYLE = Automatic;
				CURRENT_PROJECT_VERSION = 1;
				GENERATE_INFOPLIST_FILE = YES;
				MARKETING_VERSION = 1.0;
				PRODUCT_BUNDLE_IDENTIFIER = com.FitMunity.FitMunityDev.FitMunityDevUITests;
				PRODUCT_NAME = "$(TARGET_NAME)";
				SWIFT_EMIT_LOC_STRINGS = NO;
				SWIFT_VERSION = 5.0;
				TARGETED_DEVICE_FAMILY = "1,2";
				TEST_TARGET_NAME = FitMunityDev;
			};
			name = Release;
		};
/* End XCBuildConfiguration section */

/* Begin XCConfigurationList section */
		0BBB9BE22D892F32001816E4 /* Build configuration list for PBXProject "FitMunityDev" */ = {
			isa = XCConfigurationList;
			buildConfigurations = (
				0BBB9C142D892F33001816E4 /* Debug */,
				0BBB9C152D892F33001816E4 /* Release */,
			);
			defaultConfigurationIsVisible = 0;
			defaultConfigurationName = Release;
		};
		0BBB9C112D892F33001816E4 /* Build configuration list for PBXNativeTarget "FitMunityDev" */ = {
			isa = XCConfigurationList;
			buildConfigurations = (
				0BBB9C122D892F33001816E4 /* Debug */,
				0BBB9C132D892F33001816E4 /* Release */,
			);
			defaultConfigurationIsVisible = 0;
			defaultConfigurationName = Release;
		};
		0BBB9C162D892F33001816E4 /* Build configuration list for PBXNativeTarget "FitMunityDevTests" */ = {
			isa = XCConfigurationList;
			buildConfigurations = (
				0BBB9C172D892F33001816E4 /* Debug */,
				0BBB9C182D892F33001816E4 /* Release */,
			);
			defaultConfigurationIsVisible = 0;
			defaultConfigurationName = Release;
		};
		0BBB9C192D892F33001816E4 /* Build configuration list for PBXNativeTarget "FitMunityDevUITests" */ = {
			isa = XCConfigurationList;
			buildConfigurations = (
				0BBB9C1A2D892F33001816E4 /* Debug */,
				0BBB9C1B2D892F33001816E4 /* Release */,
			);
			defaultConfigurationIsVisible = 0;
			defaultConfigurationName = Release;
		};
/* End XCConfigurationList section */
	};
	rootObject = 0BBB9BDF2D892F32001816E4 /* Project object */;
}
